
Microsoft Visual Studio Solution File, Format Version 12.00
# Visual Studio Version 17
VisualStudioVersion = 17.4.33205.214
MinimumVisualStudioVersion = 10.0.40219.1
Project("{9A19103F-16F7-4668-BE54-9A1E7A4F7556}") = "CityBuilder", "CityBuilder\CityBuilder.csproj", "{95133F94-DFCB-42D5-AE80-25DCBD517B4C}"
EndProject
Project("{FAE04EC0-301F-11D3-BF4B-00C04F79EFBC}") = "CityBuilderTest", "CityBuilderTest\CityBuilderTest.csproj", "{1A8EFAC8-E7DD-4D3E-AE04-EE362893F64E}"
EndProject
Global
	GlobalSection(SolutionConfigurationPlatforms) = preSolution
		Debug|Any CPU = Debug|Any CPU
		Release|Any CPU = Release|Any CPU
	EndGlobalSection
	GlobalSection(ProjectConfigurationPlatforms) = postSolution
		{95133F94-DFCB-42D5-AE80-25DCBD517B4C}.Debug|Any CPU.ActiveCfg = Debug|Any CPU
		{95133F94-DFCB-42D5-AE80-25DCBD517B4C}.Debug|Any CPU.Build.0 = Debug|Any CPU
		{95133F94-DFCB-42D5-AE80-25DCBD517B4C}.Release|Any CPU.ActiveCfg = Release|Any CPU
		{95133F94-DFCB-42D5-AE80-25DCBD517B4C}.Release|Any CPU.Build.0 = Release|Any CPU
		{1A8EFAC8-E7DD-4D3E-AE04-EE362893F64E}.Debug|Any CPU.ActiveCfg = Debug|Any CPU
		{1A8EFAC8-E7DD-4D3E-AE04-EE362893F64E}.Debug|Any CPU.Build.0 = Debug|Any CPU
		{1A8EFAC8-E7DD-4D3E-AE04-EE362893F64E}.Release|Any CPU.ActiveCfg = Release|Any CPU
		{1A8EFAC8-E7DD-4D3E-AE04-EE362893F64E}.Release|Any CPU.Build.0 = Release|Any CPU
	EndGlobalSection
	GlobalSection(SolutionProperties) = preSolution
		HideSolutionNode = FALSE
	EndGlobalSection
	GlobalSection(ExtensibilityGlobals) = postSolution
		SolutionGuid = {00CD5373-785A-487D-BE8A-797B7FC339B6}
	EndGlobalSection
EndGlobal
